
Microsoft Visual Studio Solution File, Format Version 12.00
# Visual Studio 2015
Project("{FAE04EC0-301F-11D3-BF4B-00C04F79EFBC}") = "UnityVS.8-Puzzle3D", "UnityVS.8-Puzzle3D.csproj", "{4A3E9406-234A-0A14-08CD-87C66F52E08A}"
EndProject
Global
	GlobalSection(SolutionConfigurationPlatforms) = preSolution
		Debug|Any CPU = Debug|Any CPU
		Release|Any CPU = Release|Any CPU
	EndGlobalSection
	GlobalSection(ProjectConfigurationPlatforms) = postSolution
		{4A3E9406-234A-0A14-08CD-87C66F52E08A}.Debug|Any CPU.ActiveCfg = Debug|Any CPU
		{4A3E9406-234A-0A14-08CD-87C66F52E08A}.Debug|Any CPU.Build.0 = Debug|Any CPU
		{4A3E9406-234A-0A14-08CD-87C66F52E08A}.Release|Any CPU.ActiveCfg = Release|Any CPU
		{4A3E9406-234A-0A14-08CD-87C66F52E08A}.Release|Any CPU.Build.0 = Release|Any CPU
	EndGlobalSection
	GlobalSection(SolutionProperties) = preSolution
		HideSolutionNode = FALSE
	EndGlobalSection
EndGlobal
